
Microsoft Visual Studio Solution File, Format Version 12.00
# Visual Studio Version 16
VisualStudioVersion = 16.0.32002.261
MinimumVisualStudioVersion = 10.0.40219.1
Project("{FAE04EC0-301F-11D3-BF4B-00C04F79EFBC}") = "VehicleSellingProject.WebApplication", "VehicleSellingProject.WebApplication\VehicleSellingProject.WebApplication.csproj", "{31798F24-A855-4FC2-8C5C-A82713D8E587}"
EndProject
Global
	GlobalSection(SolutionConfigurationPlatforms) = preSolution
		Debug|Any CPU = Debug|Any CPU
		Release|Any CPU = Release|Any CPU
	EndGlobalSection
	GlobalSection(ProjectConfigurationPlatforms) = postSolution
		{31798F24-A855-4FC2-8C5C-A82713D8E587}.Debug|Any CPU.ActiveCfg = Debug|Any CPU
		{31798F24-A855-4FC2-8C5C-A82713D8E587}.Debug|Any CPU.Build.0 = Debug|Any CPU
		{31798F24-A855-4FC2-8C5C-A82713D8E587}.Release|Any CPU.ActiveCfg = Release|Any CPU
		{31798F24-A855-4FC2-8C5C-A82713D8E587}.Release|Any CPU.Build.0 = Release|Any CPU
	EndGlobalSection
	GlobalSection(SolutionProperties) = preSolution
		HideSolutionNode = FALSE
	EndGlobalSection
	GlobalSection(ExtensibilityGlobals) = postSolution
		SolutionGuid = {3902F629-B28A-4540-804E-783C96B0E2B6}
	EndGlobalSection
EndGlobal
